# This file was autogenerated by Stack.
# You should not edit this file by hand.
# For more information, please see the documentation at:
#   https://docs.haskellstack.org/en/stable/lock_files

packages:
- completed:
    hackage: ref-tf-0.4.0.1@sha256:369e5c6237e4b6fe330fde021b94a9f98971690cbec5b910faa9af3cbcb15610,1133
    pantry-tree:
      size: 211
      sha256: 81ecae4728867eaa8aff5bfcd26f05942ff8c5c3e6568a1e042db444063ea5e7
  original:
    hackage: ref-tf-0.4.0.1
- completed:
    hackage: jsaddle-0.9.6.0@sha256:03b3792794759587c69dd93c79a3f743e0b4032a3617c38f7841f8e16327e013,4379
    pantry-tree:
      size: 4329
      sha256: 85e8e47983eaf44959614ff6642f009709388590bf39c61090daf6497ed63c5f
  original:
    hackage: jsaddle-0.9.6.0
- completed:
    hackage: jsaddle-wkwebview-0.9.6.0@sha256:02ad0c5667ed7c6a3bdbb961e057f4c8d0148bb2ae62eed019f26d0b8e1ed1f2,1905
    pantry-tree:
      size: 695
      sha256: 36181024f2516e845587cedca02749270f9c043c78492829a70d8ac455779566
  original:
    hackage: jsaddle-wkwebview-0.9.6.0
- completed:
    hackage: jsaddle-dom-0.9.3.1@sha256:6f38a71c0d4860ac307f2603e0eb18a4d3ce1ccc29f2d2080e1bebfc7bc46b45,75595
    pantry-tree:
      size: 48180
      sha256: bb55ffd721953b71eae4bfd954a0a05aed493133dbc5ffed672478844dfd89b1
  original:
    hackage: jsaddle-dom-0.9.3.1
- completed:
    hackage: ghcjs-dom-jsaddle-0.9.4.0@sha256:31ddfc5ebcbb4811b0c956fd5fcf106643012b46bb4e0bc2f15d09db1d116fbb,39525
    pantry-tree:
      size: 164
      sha256: 3f665a5e70fab961bf236e5c672f497901632785d403024d7bab1785444a0816
  original:
    hackage: ghcjs-dom-jsaddle-0.9.4.0
- completed:
    hackage: ghcjs-dom-0.9.4.0@sha256:c2b3d25145e24b66a8a5078c0d750305b577aeff05957cf282d74f6e8d2424dd,32082
    pantry-tree:
      size: 357
      sha256: de76dd6924d6ad9124e836a0fa66a0338f585acbcbfbffd90e8357d1b6b8fbb4
  original:
    hackage: ghcjs-dom-0.9.4.0
- completed:
    hackage: reflex-0.6.1@sha256:21fb0ce6d71243a7bfe8fd6efb1f205662e9d9ec8fab6bd9d96eaff655f36f98,8789
    pantry-tree:
      size: 4805
      sha256: 50fbe459d8bbef3f27cf597b98b5e40508a5d42fca9e5ba744111a68eb27395c
  original:
    hackage: reflex-0.6.1
- completed:
    hackage: zenc-0.1.1@sha256:e4be3e5e9fe1a1ade05910909c6e5b5a8eff72e697868b03955c9781b0443947,964
    pantry-tree:
      size: 206
      sha256: ac8bdc2a8c4b51c7bfa95802ecbab6879190787c870a9cbe0bfee220b3b2a7fe
  original:
    hackage: zenc-0.1.1
- completed:
    subdir: reflex-dom
    cabal-file:
      size: 4746
      sha256: ab70eda04fae954f0350f0b654c0dd89b8b656735d2af2b285e53108ac260bce
    name: reflex-dom
    version: '0.5'
    git: https://github.com/reflex-frp/reflex-dom
    pantry-tree:
      size: 859
      sha256: 5a6c1a200a9aa9e28406ce8e6be000657f78da9203661bdf4988e7f860640b69
    commit: 5ac23be96cfc84bc837cd61dfc03e5e02e431078
  original:
    subdir: reflex-dom
    git: https://github.com/reflex-frp/reflex-dom
    commit: 5ac23be96cfc84bc837cd61dfc03e5e02e431078
- completed:
    subdir: reflex-dom-core
    cabal-file:
      size: 6415
      sha256: 654213b2e0ab2947a0a976732a2e819dc70fc3e18ed0aa3d7591b1b587fdb9c5
    name: reflex-dom-core
    version: '0.5'
    git: https://github.com/reflex-frp/reflex-dom
    pantry-tree:
      size: 2894
      sha256: ec1a6f9be871a3243ebdf1aa464bbf0d271a76f7a326323bd4545b89f13145d6
    commit: 5ac23be96cfc84bc837cd61dfc03e5e02e431078
  original:
    subdir: reflex-dom-core
    git: https://github.com/reflex-frp/reflex-dom
    commit: 5ac23be96cfc84bc837cd61dfc03e5e02e431078
snapshots:
- completed:
    size: 499889
    url: https://raw.githubusercontent.com/commercialhaskell/stackage-snapshots/master/lts/13/26.yaml
    sha256: ecb02ee16829df8d7219e7d7fe6c310819820bf335b0b9534bce84d3ea896684
  original: lts-13.26
